
Microsoft Visual Studio Solution File, Format Version 12.00
Project("{FAE04EC0-301F-11D3-BF4B-00C04F79EFBC}") = "Lab3_v03", "Lab3_v03\Lab3_v03.csproj", "{CA6D13B9-E3EE-4AAF-AC56-0969BF65FEAB}"
EndProject
Global
	GlobalSection(SolutionConfigurationPlatforms) = preSolution
		Debug|Any CPU = Debug|Any CPU
		Release|Any CPU = Release|Any CPU
	EndGlobalSection
	GlobalSection(ProjectConfigurationPlatforms) = postSolution
		{CA6D13B9-E3EE-4AAF-AC56-0969BF65FEAB}.Debug|Any CPU.ActiveCfg = Debug|Any CPU
		{CA6D13B9-E3EE-4AAF-AC56-0969BF65FEAB}.Debug|Any CPU.Build.0 = Debug|Any CPU
		{CA6D13B9-E3EE-4AAF-AC56-0969BF65FEAB}.Release|Any CPU.ActiveCfg = Release|Any CPU
		{CA6D13B9-E3EE-4AAF-AC56-0969BF65FEAB}.Release|Any CPU.Build.0 = Release|Any CPU
	EndGlobalSection
EndGlobal
