
Microsoft Visual Studio Solution File, Format Version 12.00
# Visual Studio Version 17
VisualStudioVersion = 17.13.35919.96
MinimumVisualStudioVersion = 10.0.40219.1
Project("{FAE04EC0-301F-11D3-BF4B-00C04F79EFBC}") = "Lab3_v2", "Lab3_v2\Lab3_v2.csproj", "{F2643BBA-92BA-46DC-93B3-F014D902680D}"
EndProject
Project("{FAE04EC0-301F-11D3-BF4B-00C04F79EFBC}") = "Lab3_v2.Tests", "Lab3_v2.Tests\Lab3_v2.Tests.csproj", "{C8BBAA5A-6DD6-47C7-9E58-5FFF7182B5E7}"
EndProject
Global
	GlobalSection(SolutionConfigurationPlatforms) = preSolution
		Debug|Any CPU = Debug|Any CPU
		Debug|x64 = Debug|x64
		Debug|x86 = Debug|x86
		Release|Any CPU = Release|Any CPU
		Release|x64 = Release|x64
		Release|x86 = Release|x86
	EndGlobalSection
	GlobalSection(ProjectConfigurationPlatforms) = postSolution
		{F2643BBA-92BA-46DC-93B3-F014D902680D}.Debug|Any CPU.ActiveCfg = Debug|Any CPU
		{F2643BBA-92BA-46DC-93B3-F014D902680D}.Debug|Any CPU.Build.0 = Debug|Any CPU
		{F2643BBA-92BA-46DC-93B3-F014D902680D}.Debug|x64.ActiveCfg = Debug|Any CPU
		{F2643BBA-92BA-46DC-93B3-F014D902680D}.Debug|x64.Build.0 = Debug|Any CPU
		{F2643BBA-92BA-46DC-93B3-F014D902680D}.Debug|x86.ActiveCfg = Debug|Any CPU
		{F2643BBA-92BA-46DC-93B3-F014D902680D}.Debug|x86.Build.0 = Debug|Any CPU
		{F2643BBA-92BA-46DC-93B3-F014D902680D}.Release|Any CPU.ActiveCfg = Release|Any CPU
		{F2643BBA-92BA-46DC-93B3-F014D902680D}.Release|Any CPU.Build.0 = Release|Any CPU
		{F2643BBA-92BA-46DC-93B3-F014D902680D}.Release|x64.ActiveCfg = Release|Any CPU
		{F2643BBA-92BA-46DC-93B3-F014D902680D}.Release|x64.Build.0 = Release|Any CPU
		{F2643BBA-92BA-46DC-93B3-F014D902680D}.Release|x86.ActiveCfg = Release|Any CPU
		{F2643BBA-92BA-46DC-93B3-F014D902680D}.Release|x86.Build.0 = Release|Any CPU
		{C8BBAA5A-6DD6-47C7-9E58-5FFF7182B5E7}.Debug|Any CPU.ActiveCfg = Debug|Any CPU
		{C8BBAA5A-6DD6-47C7-9E58-5FFF7182B5E7}.Debug|Any CPU.Build.0 = Debug|Any CPU
		{C8BBAA5A-6DD6-47C7-9E58-5FFF7182B5E7}.Debug|x64.ActiveCfg = Debug|Any CPU
		{C8BBAA5A-6DD6-47C7-9E58-5FFF7182B5E7}.Debug|x64.Build.0 = Debug|Any CPU
		{C8BBAA5A-6DD6-47C7-9E58-5FFF7182B5E7}.Debug|x86.ActiveCfg = Debug|Any CPU
		{C8BBAA5A-6DD6-47C7-9E58-5FFF7182B5E7}.Debug|x86.Build.0 = Debug|Any CPU
		{C8BBAA5A-6DD6-47C7-9E58-5FFF7182B5E7}.Release|Any CPU.ActiveCfg = Release|Any CPU
		{C8BBAA5A-6DD6-47C7-9E58-5FFF7182B5E7}.Release|Any CPU.Build.0 = Release|Any CPU
		{C8BBAA5A-6DD6-47C7-9E58-5FFF7182B5E7}.Release|x64.ActiveCfg = Release|Any CPU
		{C8BBAA5A-6DD6-47C7-9E58-5FFF7182B5E7}.Release|x64.Build.0 = Release|Any CPU
		{C8BBAA5A-6DD6-47C7-9E58-5FFF7182B5E7}.Release|x86.ActiveCfg = Release|Any CPU
		{C8BBAA5A-6DD6-47C7-9E58-5FFF7182B5E7}.Release|x86.Build.0 = Release|Any CPU
	EndGlobalSection
	GlobalSection(SolutionProperties) = preSolution
		HideSolutionNode = FALSE
	EndGlobalSection
	GlobalSection(ExtensibilityGlobals) = postSolution
		SolutionGuid = {E4671ED8-9FB5-4CCE-91F4-A1C19639A3E2}
	EndGlobalSection
EndGlobal
